PODS:
  - AFNetworking (3.1.0):
    - AFNetworking/NSURLSession (= 3.1.0)
    - AFNetworking/Reachability (= 3.1.0)
    - AFNetworking/Security (= 3.1.0)
    - AFNetworking/Serialization (= 3.1.0)
    - AFNetworking/UIKit (= 3.1.0)
  - AFNetworking/NSURLSession (3.1.0):
    - AFNetworking/Reachability
    - AFNetworking/Security
    - AFNetworking/Serialization
  - AFNetworking/Reachability (3.1.0)
  - AFNetworking/Security (3.1.0)
  - AFNetworking/Serialization (3.1.0)
  - AFNetworking/UIKit (3.1.0):
    - AFNetworking/NSURLSession
  - MBProgressHUD (1.0.0)
  - MJRefresh (3.1.12)
  - MOBFoundation (3.0.0)
  - SDWebImage (4.0.0):
    - SDWebImage/Core (= 4.0.0)
  - SDWebImage/Core (4.0.0)
  - ShareSDK2 (2.12.5):
    - ShareSDK2/Core (= 2.12.5)
  - ShareSDK2/Connection/Mail (2.12.5)
  - ShareSDK2/Connection/QQ (2.12.5):
    - ShareSDK2/Extend/QQConnectSDK
  - ShareSDK2/Connection/QZone (2.12.5):
    - ShareSDK2/Extend/QQConnectSDK
  - ShareSDK2/Connection/SinaWeibo (2.12.5):
    - ShareSDK2/Extend/SinaWeiboSDK
  - ShareSDK2/Connection/SMS (2.12.5)
  - ShareSDK2/Connection/WeChat (2.12.5):
    - ShareSDK2/Extend/WeChatSDK
  - ShareSDK2/Core (2.12.5)
  - ShareSDK2/Extend/QQConnectSDK (2.12.5)
  - ShareSDK2/Extend/SinaWeiboSDK (2.12.5)
  - ShareSDK2/Extend/WeChatSDK (2.12.5)
  - ShareSDK2/UI (2.12.5):
    - ShareSDK2/UI/Flat (= 2.12.5)
    - ShareSDK2/UI/iPadDefault (= 2.12.5)
    - ShareSDK2/UI/iPadSimple (= 2.12.5)
    - ShareSDK2/UI/iPhoneAppRecommend (= 2.12.5)
    - ShareSDK2/UI/iPhoneDefault (= 2.12.5)
    - ShareSDK2/UI/iPhoneSimple (= 2.12.5)
  - ShareSDK2/UI/Flat (2.12.5)
  - ShareSDK2/UI/iPadDefault (2.12.5)
  - ShareSDK2/UI/iPadSimple (2.12.5)
  - ShareSDK2/UI/iPhoneAppRecommend (2.12.5)
  - ShareSDK2/UI/iPhoneDefault (2.12.5)
  - ShareSDK2/UI/iPhoneSimple (2.12.5)
  - UMengAnalytics (4.2.4)
  - YYCache (1.0.4)
  - YYCategories (1.0.4):
    - YYCategories/no-arc (= 1.0.4)
  - YYCategories/no-arc (1.0.4)
  - YYModel (1.0.4)

DEPENDENCIES:
  - AFNetworking
  - MBProgressHUD
  - MJRefresh
  - MOBFoundation
  - SDWebImage
  - ShareSDK2
  - ShareSDK2/Connection/Mail
  - ShareSDK2/Connection/QQ
  - ShareSDK2/Connection/QZone
  - ShareSDK2/Connection/SinaWeibo
  - ShareSDK2/Connection/SMS
  - ShareSDK2/Connection/WeChat
  - ShareSDK2/UI
  - UMengAnalytics
  - YYCache
  - YYCategories
  - YYModel

SPEC CHECKSUMS:
  AFNetworking: 5e0e199f73d8626b11e79750991f5d173d1f8b67
  MBProgressHUD: 4890f671c94e8a0f3cf959aa731e9de2f036d71a
  MJRefresh: b96cdb21c4aa75a7b07654311ab2f315c497e806
  MOBFoundation: e6572a62983a44fa048c4038842ade1494c10059
  SDWebImage: 76a6348bdc74eb5a55dd08a091ef298e56b55e41
  ShareSDK2: c076a9ea57d9d87650130b8071f2bcf0f169cb94
  UMengAnalytics: ef8d45f94c0e5771dc364cf6a5731d9d3b101da2
  YYCache: 8105b6638f5e849296c71f331ff83891a4942952
  YYCategories: 6bcd4314c6661a561410dce4a793379ebd306abd
  YYModel: 2a7fdd96aaa4b86a824e26d0c517de8928c04b30

PODFILE CHECKSUM: b30d023e5d2847edc2ccea6343ca4104a6d56e6f

COCOAPODS: 1.2.1
